// !$*UTF8*$!
{
	archiveVersion = 1;
	classes = {
	};
	objectVersion = 45;
	objects = {

/* Begin PBXBuildFile section */
		1D3623260D0F684500981E51 /* HoudahPropertiesAppDelegate.m in Sources */ = {isa = PBXBuildFile; fileRef = 1D3623250D0F684500981E51 /* HoudahPropertiesAppDelegate.m */; };
		1D60589B0D05DD56006BFB54 /* main.m in Sources */ = {isa = PBXBuildFile; fileRef = 29B97316FDCFA39411CA2CEA /* main.m */; };
		1D60589F0D05DD5A006BFB54 /* Foundation.framework in Frameworks */ = {isa = PBXBuildFile; fileRef = 1D30AB110D05D00D00671497 /* Foundation.framework */; };
		1DF5F4E00D08C38300B7A737 /* UIKit.framework in Frameworks */ = {isa = PBXBuildFile; fileRef = 1DF5F4DF0D08C38300B7A737 /* UIKit.framework */; };
		2892E4100DC94CBA00A64D0F /* CoreGraphics.framework in Frameworks */ = {isa = PBXBuildFile; fileRef = 2892E40F0DC94CBA00A64D0F /* CoreGraphics.framework */; };
		28AD73600D9D9599002E5188 /* MainWindow.xib in Resources */ = {isa = PBXBuildFile; fileRef = 28AD735F0D9D9599002E5188 /* MainWindow.xib */; };
		8F3C515A0F7AECDB008B0B3B /* LongTextViewController.m in Sources */ = {isa = PBXBuildFile; fileRef = 8F3C51550F7AECDB008B0B3B /* LongTextViewController.m */; };
		8F3C515B0F7AECDB008B0B3B /* PropertiesViewController.m in Sources */ = {isa = PBXBuildFile; fileRef = 8F3C51570F7AECDB008B0B3B /* PropertiesViewController.m */; };
		8F3C515C0F7AECDB008B0B3B /* SelectionViewController.m in Sources */ = {isa = PBXBuildFile; fileRef = 8F3C51590F7AECDB008B0B3B /* SelectionViewController.m */; };
		8F3C51710F7AECE7008B0B3B /* BoolTableViewCell.m in Sources */ = {isa = PBXBuildFile; fileRef = 8F3C515E0F7AECE6008B0B3B /* BoolTableViewCell.m */; };
		8F3C51720F7AECE7008B0B3B /* ButtonTableViewCell.m in Sources */ = {isa = PBXBuildFile; fileRef = 8F3C51600F7AECE6008B0B3B /* ButtonTableViewCell.m */; };
		8F3C51730F7AECE7008B0B3B /* ItemTableViewCell.m in Sources */ = {isa = PBXBuildFile; fileRef = 8F3C51620F7AECE6008B0B3B /* ItemTableViewCell.m */; };
		8F3C51740F7AECE7008B0B3B /* LongTableViewCell.m in Sources */ = {isa = PBXBuildFile; fileRef = 8F3C51640F7AECE6008B0B3B /* LongTableViewCell.m */; };
		8F3C51750F7AECE7008B0B3B /* PropertyTableViewCell.m in Sources */ = {isa = PBXBuildFile; fileRef = 8F3C51660F7AECE7008B0B3B /* PropertyTableViewCell.m */; };
		8F3C51760F7AECE7008B0B3B /* SelectionTableViewCell.m in Sources */ = {isa = PBXBuildFile; fileRef = 8F3C51680F7AECE7008B0B3B /* SelectionTableViewCell.m */; };
		8F3C51770F7AECE7008B0B3B /* StandbyTableViewCell.m in Sources */ = {isa = PBXBuildFile; fileRef = 8F3C516A0F7AECE7008B0B3B /* StandbyTableViewCell.m */; };
		8F3C51780F7AECE7008B0B3B /* SubPropertyTableViewCell.m in Sources */ = {isa = PBXBuildFile; fileRef = 8F3C516C0F7AECE7008B0B3B /* SubPropertyTableViewCell.m */; };
		8F3C51790F7AECE7008B0B3B /* TableViewCell.m in Sources */ = {isa = PBXBuildFile; fileRef = 8F3C516E0F7AECE7008B0B3B /* TableViewCell.m */; };
		8F3C517A0F7AECE7008B0B3B /* TextTableViewCell.m in Sources */ = {isa = PBXBuildFile; fileRef = 8F3C51700F7AECE7008B0B3B /* TextTableViewCell.m */; };
		8F3C518B0F7AEEE7008B0B3B /* UserDefaultsViewController.m in Sources */ = {isa = PBXBuildFile; fileRef = 8F3C518A0F7AEEE7008B0B3B /* UserDefaultsViewController.m */; };
		8F3C51960F7AF189008B0B3B /* PrivacyFormatter.m in Sources */ = {isa = PBXBuildFile; fileRef = 8F3C51910F7AF189008B0B3B /* PrivacyFormatter.m */; };
		8F3C51970F7AF189008B0B3B /* ResolutionFormatter.m in Sources */ = {isa = PBXBuildFile; fileRef = 8F3C51930F7AF189008B0B3B /* ResolutionFormatter.m */; };
		8F3C51980F7AF189008B0B3B /* MultivalueFormatter.m in Sources */ = {isa = PBXBuildFile; fileRef = 8F3C51950F7AF189008B0B3B /* MultivalueFormatter.m */; };
		8F3C522B0F7AF2EA008B0B3B /* PropertiesViewController.xib in Resources */ = {isa = PBXBuildFile; fileRef = 8F3C52290F7AF2EA008B0B3B /* PropertiesViewController.xib */; };
		8F3C522C0F7AF2EA008B0B3B /* SelectionViewController.xib in Resources */ = {isa = PBXBuildFile; fileRef = 8F3C522A0F7AF2EA008B0B3B /* SelectionViewController.xib */; };
/* End PBXBuildFile section */

/* Begin PBXFileReference section */
		1D30AB110D05D00D00671497 /* Foundation.framework */ = {isa = PBXFileReference; lastKnownFileType = wrapper.framework; name = Foundation.framework; path = System/Library/Frameworks/Foundation.framework; sourceTree = SDKROOT; };
		1D3623240D0F684500981E51 /* HoudahPropertiesAppDelegate.h */ = {isa = PBXFileReference; fileEncoding = 4; lastKnownFileType = sourcecode.c.h; path = HoudahPropertiesAppDelegate.h; sourceTree = "<group>"; };
		1D3623250D0F684500981E51 /* HoudahPropertiesAppDelegate.m */ = {isa = PBXFileReference; fileEncoding = 4; lastKnownFileType = sourcecode.c.objc; path = HoudahPropertiesAppDelegate.m; sourceTree = "<group>"; };
		1D6058910D05DD3D006BFB54 /* HoudahProperties.app */ = {isa = PBXFileReference; explicitFileType = wrapper.application; includeInIndex = 0; path = HoudahProperties.app; sourceTree = BUILT_PRODUCTS_DIR; };
		1DF5F4DF0D08C38300B7A737 /* UIKit.framework */ = {isa = PBXFileReference; lastKnownFileType = wrapper.framework; name = UIKit.framework; path = System/Library/Frameworks/UIKit.framework; sourceTree = SDKROOT; };
		2892E40F0DC94CBA00A64D0F /* CoreGraphics.framework */ = {isa = PBXFileReference; lastKnownFileType = wrapper.framework; name = CoreGraphics.framework; path = System/Library/Frameworks/CoreGraphics.framework; sourceTree = SDKROOT; };
		28A0AAE50D9B0CCF005BE974 /* HoudahProperties_Prefix.pch */ = {isa = PBXFileReference; fileEncoding = 4; lastKnownFileType = sourcecode.c.h; path = HoudahProperties_Prefix.pch; sourceTree = "<group>"; };
		28AD735F0D9D9599002E5188 /* MainWindow.xib */ = {isa = PBXFileReference; lastKnownFileType = file.xib; path = MainWindow.xib; sourceTree = "<group>"; };
		29B97316FDCFA39411CA2CEA /* main.m */ = {isa = PBXFileReference; fileEncoding = 4; lastKnownFileType = sourcecode.c.objc; path = main.m; sourceTree = "<group>"; };
		8D1107310486CEB800E47090 /* Info.plist */ = {isa = PBXFileReference; fileEncoding = 4; lastKnownFileType = text.plist.xml; path = Info.plist; sourceTree = "<group>"; };
		8F3C51540F7AECDB008B0B3B /* LongTextViewController.h */ = {isa = PBXFileReference; fileEncoding = 4; lastKnownFileType = sourcecode.c.h; path = LongTextViewController.h; sourceTree = "<group>"; };
		8F3C51550F7AECDB008B0B3B /* LongTextViewController.m */ = {isa = PBXFileReference; fileEncoding = 4; lastKnownFileType = sourcecode.c.objc; path = LongTextViewController.m; sourceTree = "<group>"; };
		8F3C51560F7AECDB008B0B3B /* PropertiesViewController.h */ = {isa = PBXFileReference; fileEncoding = 4; lastKnownFileType = sourcecode.c.h; path = PropertiesViewController.h; sourceTree = "<group>"; };
		8F3C51570F7AECDB008B0B3B /* PropertiesViewController.m */ = {isa = PBXFileReference; fileEncoding = 4; lastKnownFileType = sourcecode.c.objc; path = PropertiesViewController.m; sourceTree = "<group>"; };
		8F3C51580F7AECDB008B0B3B /* SelectionViewController.h */ = {isa = PBXFileReference; fileEncoding = 4; lastKnownFileType = sourcecode.c.h; path = SelectionViewController.h; sourceTree = "<group>"; };
		8F3C51590F7AECDB008B0B3B /* SelectionViewController.m */ = {isa = PBXFileReference; fileEncoding = 4; lastKnownFileType = sourcecode.c.objc; path = SelectionViewController.m; sourceTree = "<group>"; };
		8F3C515D0F7AECE6008B0B3B /* BoolTableViewCell.h */ = {isa = PBXFileReference; fileEncoding = 4; lastKnownFileType = sourcecode.c.h; path = BoolTableViewCell.h; sourceTree = "<group>"; };
		8F3C515E0F7AECE6008B0B3B /* BoolTableViewCell.m */ = {isa = PBXFileReference; fileEncoding = 4; lastKnownFileType = sourcecode.c.objc; path = BoolTableViewCell.m; sourceTree = "<group>"; };
		8F3C515F0F7AECE6008B0B3B /* ButtonTableViewCell.h */ = {isa = PBXFileReference; fileEncoding = 4; lastKnownFileType = sourcecode.c.h; path = ButtonTableViewCell.h; sourceTree = "<group>"; };
		8F3C51600F7AECE6008B0B3B /* ButtonTableViewCell.m */ = {isa = PBXFileReference; fileEncoding = 4; lastKnownFileType = sourcecode.c.objc; path = ButtonTableViewCell.m; sourceTree = "<group>"; };
		8F3C51610F7AECE6008B0B3B /* ItemTableViewCell.h */ = {isa = PBXFileReference; fileEncoding = 4; lastKnownFileType = sourcecode.c.h; path = ItemTableViewCell.h; sourceTree = "<group>"; };
		8F3C51620F7AECE6008B0B3B /* ItemTableViewCell.m */ = {isa = PBXFileReference; fileEncoding = 4; lastKnownFileType = sourcecode.c.objc; path = ItemTableViewCell.m; sourceTree = "<group>"; };
		8F3C51630F7AECE6008B0B3B /* LongTableViewCell.h */ = {isa = PBXFileReference; fileEncoding = 4; lastKnownFileType = sourcecode.c.h; path = LongTableViewCell.h; sourceTree = "<group>"; };
		8F3C51640F7AECE6008B0B3B /* LongTableViewCell.m */ = {isa = PBXFileReference; fileEncoding = 4; lastKnownFileType = sourcecode.c.objc; path = LongTableViewCell.m; sourceTree = "<group>"; };
		8F3C51650F7AECE6008B0B3B /* PropertyTableViewCell.h */ = {isa = PBXFileReference; fileEncoding = 4; lastKnownFileType = sourcecode.c.h; path = PropertyTableViewCell.h; sourceTree = "<group>"; };
		8F3C51660F7AECE7008B0B3B /* PropertyTableViewCell.m */ = {isa = PBXFileReference; fileEncoding = 4; lastKnownFileType = sourcecode.c.objc; path = PropertyTableViewCell.m; sourceTree = "<group>"; };
		8F3C51670F7AECE7008B0B3B /* SelectionTableViewCell.h */ = {isa = PBXFileReference; fileEncoding = 4; lastKnownFileType = sourcecode.c.h; path = SelectionTableViewCell.h; sourceTree = "<group>"; };
		8F3C51680F7AECE7008B0B3B /* SelectionTableViewCell.m */ = {isa = PBXFileReference; fileEncoding = 4; lastKnownFileType = sourcecode.c.objc; path = SelectionTableViewCell.m; sourceTree = "<group>"; };
		8F3C51690F7AECE7008B0B3B /* StandbyTableViewCell.h */ = {isa = PBXFileReference; fileEncoding = 4; lastKnownFileType = sourcecode.c.h; path = StandbyTableViewCell.h; sourceTree = "<group>"; };
		8F3C516A0F7AECE7008B0B3B /* StandbyTableViewCell.m */ = {isa = PBXFileReference; fileEncoding = 4; lastKnownFileType = sourcecode.c.objc; path = StandbyTableViewCell.m; sourceTree = "<group>"; };
		8F3C516B0F7AECE7008B0B3B /* SubPropertyTableViewCell.h */ = {isa = PBXFileReference; fileEncoding = 4; lastKnownFileType = sourcecode.c.h; path = SubPropertyTableViewCell.h; sourceTree = "<group>"; };
		8F3C516C0F7AECE7008B0B3B /* SubPropertyTableViewCell.m */ = {isa = PBXFileReference; fileEncoding = 4; lastKnownFileType = sourcecode.c.objc; path = SubPropertyTableViewCell.m; sourceTree = "<group>"; };
		8F3C516D0F7AECE7008B0B3B /* TableViewCell.h */ = {isa = PBXFileReference; fileEncoding = 4; lastKnownFileType = sourcecode.c.h; path = TableViewCell.h; sourceTree = "<group>"; };
		8F3C516E0F7AECE7008B0B3B /* TableViewCell.m */ = {isa = PBXFileReference; fileEncoding = 4; lastKnownFileType = sourcecode.c.objc; path = TableViewCell.m; sourceTree = "<group>"; };
		8F3C516F0F7AECE7008B0B3B /* TextTableViewCell.h */ = {isa = PBXFileReference; fileEncoding = 4; lastKnownFileType = sourcecode.c.h; path = TextTableViewCell.h; sourceTree = "<group>"; };
		8F3C51700F7AECE7008B0B3B /* TextTableViewCell.m */ = {isa = PBXFileReference; fileEncoding = 4; lastKnownFileType = sourcecode.c.objc; path = TextTableViewCell.m; sourceTree = "<group>"; };
		8F3C51890F7AEEE7008B0B3B /* UserDefaultsViewController.h */ = {isa = PBXFileReference; fileEncoding = 4; lastKnownFileType = sourcecode.c.h; path = UserDefaultsViewController.h; sourceTree = "<group>"; };
		8F3C518A0F7AEEE7008B0B3B /* UserDefaultsViewController.m */ = {isa = PBXFileReference; fileEncoding = 4; lastKnownFileType = sourcecode.c.objc; path = UserDefaultsViewController.m; sourceTree = "<group>"; };
		8F3C51900F7AF189008B0B3B /* PrivacyFormatter.h */ = {isa = PBXFileReference; fileEncoding = 4; lastKnownFileType = sourcecode.c.h; path = PrivacyFormatter.h; sourceTree = "<group>"; };
		8F3C51910F7AF189008B0B3B /* PrivacyFormatter.m */ = {isa = PBXFileReference; fileEncoding = 4; lastKnownFileType = sourcecode.c.objc; path = PrivacyFormatter.m; sourceTree = "<group>"; };
		8F3C51920F7AF189008B0B3B /* ResolutionFormatter.h */ = {isa = PBXFileReference; fileEncoding = 4; lastKnownFileType = sourcecode.c.h; path = ResolutionFormatter.h; sourceTree = "<group>"; };
		8F3C51930F7AF189008B0B3B /* ResolutionFormatter.m */ = {isa = PBXFileReference; fileEncoding = 4; lastKnownFileType = sourcecode.c.objc; path = ResolutionFormatter.m; sourceTree = "<group>"; };
		8F3C51940F7AF189008B0B3B /* MultivalueFormatter.h */ = {isa = PBXFileReference; fileEncoding = 4; lastKnownFileType = sourcecode.c.h; path = MultivalueFormatter.h; sourceTree = "<group>"; };
		8F3C51950F7AF189008B0B3B /* MultivalueFormatter.m */ = {isa = PBXFileReference; fileEncoding = 4; lastKnownFileType = sourcecode.c.objc; path = MultivalueFormatter.m; sourceTree = "<group>"; };
		8F3C52290F7AF2EA008B0B3B /* PropertiesViewController.xib */ = {isa = PBXFileReference; lastKnownFileType = file.xib; name = PropertiesViewController.xib; path = ../../Development/Personal/Projects/iPhone/LocrUpload/PropertiesViewController.xib; sourceTree = SOURCE_ROOT; };
		8F3C522A0F7AF2EA008B0B3B /* SelectionViewController.xib */ = {isa = PBXFileReference; lastKnownFileType = file.xib; name = SelectionViewController.xib; path = ../../Development/Personal/Projects/iPhone/LocrUpload/SelectionViewController.xib; sourceTree = SOURCE_ROOT; };
/* End PBXFileReference section */

/* Begin PBXFrameworksBuildPhase section */
		1D60588F0D05DD3D006BFB54 /* Frameworks */ = {
			isa = PBXFrameworksBuildPhase;
			buildActionMask = 2147483647;
			files = (
				1D60589F0D05DD5A006BFB54 /* Foundation.framework in Frameworks */,
				1DF5F4E00D08C38300B7A737 /* UIKit.framework in Frameworks */,
				2892E4100DC94CBA00A64D0F /* CoreGraphics.framework in Frameworks */,
			);
			runOnlyForDeploymentPostprocessing = 0;
		};
/* End PBXFrameworksBuildPhase section */

/* Begin PBXGroup section */
		080E96DDFE201D6D7F000001 /* Classes */ = {
			isa = PBXGroup;
			children = (
				8F3C514F0F7AECBD008B0B3B /* Properties */,
				8F3C522F0F7AF308008B0B3B /* Application */,
				8F3C518F0F7AF169008B0B3B /* Formatters */,
			);
			path = Classes;
			sourceTree = "<group>";
		};
		19C28FACFE9D520D11CA2CBB /* Products */ = {
			isa = PBXGroup;
			children = (
				1D6058910D05DD3D006BFB54 /* HoudahProperties.app */,
			);
			name = Products;
			sourceTree = "<group>";
		};
		29B97314FDCFA39411CA2CEA /* CustomTemplate */ = {
			isa = PBXGroup;
			children = (
				080E96DDFE201D6D7F000001 /* Classes */,
				29B97315FDCFA39411CA2CEA /* Other Sources */,
				29B97317FDCFA39411CA2CEA /* Resources */,
				29B97323FDCFA39411CA2CEA /* Frameworks */,
				19C28FACFE9D520D11CA2CBB /* Products */,
			);
			name = CustomTemplate;
			sourceTree = "<group>";
		};
		29B97315FDCFA39411CA2CEA /* Other Sources */ = {
			isa = PBXGroup;
			children = (
				28A0AAE50D9B0CCF005BE974 /* HoudahProperties_Prefix.pch */,
				29B97316FDCFA39411CA2CEA /* main.m */,
			);
			name = "Other Sources";
			sourceTree = "<group>";
		};
		29B97317FDCFA39411CA2CEA /* Resources */ = {
			isa = PBXGroup;
			children = (
				8F3C522E0F7AF2F8008B0B3B /* Application */,
				8F3C522D0F7AF2ED008B0B3B /* Properties */,
			);
			name = Resources;
			sourceTree = "<group>";
		};
		29B97323FDCFA39411CA2CEA /* Frameworks */ = {
			isa = PBXGroup;
			children = (
				1DF5F4DF0D08C38300B7A737 /* UIKit.framework */,
				1D30AB110D05D00D00671497 /* Foundation.framework */,
				2892E40F0DC94CBA00A64D0F /* CoreGraphics.framework */,
			);
			name = Frameworks;
			sourceTree = "<group>";
		};
		8F3C514F0F7AECBD008B0B3B /* Properties */ = {
			isa = PBXGroup;
			children = (
				8F3C51520F7AECC5008B0B3B /* Controllers */,
				8F3C51530F7AECCB008B0B3B /* Views */,
			);
			name = Properties;
			sourceTree = "<group>";
		};
		8F3C51520F7AECC5008B0B3B /* Controllers */ = {
			isa = PBXGroup;
			children = (
				8F3C51540F7AECDB008B0B3B /* LongTextViewController.h */,
				8F3C51550F7AECDB008B0B3B /* LongTextViewController.m */,
				8F3C51560F7AECDB008B0B3B /* PropertiesViewController.h */,
				8F3C51570F7AECDB008B0B3B /* PropertiesViewController.m */,
				8F3C51580F7AECDB008B0B3B /* SelectionViewController.h */,
				8F3C51590F7AECDB008B0B3B /* SelectionViewController.m */,
			);
			name = Controllers;
			sourceTree = "<group>";
		};
		8F3C51530F7AECCB008B0B3B /* Views */ = {
			isa = PBXGroup;
			children = (
				8F3C515D0F7AECE6008B0B3B /* BoolTableViewCell.h */,
				8F3C515E0F7AECE6008B0B3B /* BoolTableViewCell.m */,
				8F3C515F0F7AECE6008B0B3B /* ButtonTableViewCell.h */,
				8F3C51600F7AECE6008B0B3B /* ButtonTableViewCell.m */,
				8F3C51610F7AECE6008B0B3B /* ItemTableViewCell.h */,
				8F3C51620F7AECE6008B0B3B /* ItemTableViewCell.m */,
				8F3C51630F7AECE6008B0B3B /* LongTableViewCell.h */,
				8F3C51640F7AECE6008B0B3B /* LongTableViewCell.m */,
				8F3C51650F7AECE6008B0B3B /* PropertyTableViewCell.h */,
				8F3C51660F7AECE7008B0B3B /* PropertyTableViewCell.m */,
				8F3C51670F7AECE7008B0B3B /* SelectionTableViewCell.h */,
				8F3C51680F7AECE7008B0B3B /* SelectionTableViewCell.m */,
				8F3C51690F7AECE7008B0B3B /* StandbyTableViewCell.h */,
				8F3C516A0F7AECE7008B0B3B /* StandbyTableViewCell.m */,
				8F3C516B0F7AECE7008B0B3B /* SubPropertyTableViewCell.h */,
				8F3C516C0F7AECE7008B0B3B /* SubPropertyTableViewCell.m */,
				8F3C516D0F7AECE7008B0B3B /* TableViewCell.h */,
				8F3C516E0F7AECE7008B0B3B /* TableViewCell.m */,
				8F3C516F0F7AECE7008B0B3B /* TextTableViewCell.h */,
				8F3C51700F7AECE7008B0B3B /* TextTableViewCell.m */,
			);
			name = Views;
			sourceTree = "<group>";
		};
		8F3C518F0F7AF169008B0B3B /* Formatters */ = {
			isa = PBXGroup;
			children = (
				8F3C51940F7AF189008B0B3B /* MultivalueFormatter.h */,
				8F3C51950F7AF189008B0B3B /* MultivalueFormatter.m */,
				8F3C51900F7AF189008B0B3B /* PrivacyFormatter.h */,
				8F3C51910F7AF189008B0B3B /* PrivacyFormatter.m */,
				8F3C51920F7AF189008B0B3B /* ResolutionFormatter.h */,
				8F3C51930F7AF189008B0B3B /* ResolutionFormatter.m */,
			);
			name = Formatters;
			sourceTree = "<group>";
		};
		8F3C522D0F7AF2ED008B0B3B /* Properties */ = {
			isa = PBXGroup;
			children = (
				8F3C52290F7AF2EA008B0B3B /* PropertiesViewController.xib */,
				8F3C522A0F7AF2EA008B0B3B /* SelectionViewController.xib */,
			);
			name = Properties;
			sourceTree = "<group>";
		};
		8F3C522E0F7AF2F8008B0B3B /* Application */ = {
			isa = PBXGroup;
			children = (
				8D1107310486CEB800E47090 /* Info.plist */,
				28AD735F0D9D9599002E5188 /* MainWindow.xib */,
			);
			name = Application;
			sourceTree = "<group>";
		};
		8F3C522F0F7AF308008B0B3B /* Application */ = {
			isa = PBXGroup;
			children = (
				1D3623240D0F684500981E51 /* HoudahPropertiesAppDelegate.h */,
				1D3623250D0F684500981E51 /* HoudahPropertiesAppDelegate.m */,
				8F3C51890F7AEEE7008B0B3B /* UserDefaultsViewController.h */,
				8F3C518A0F7AEEE7008B0B3B /* UserDefaultsViewController.m */,
			);
			name = Application;
			sourceTree = "<group>";
		};
/* End PBXGroup section */

/* Begin PBXNativeTarget section */
		1D6058900D05DD3D006BFB54 /* HoudahProperties */ = {
			isa = PBXNativeTarget;
			buildConfigurationList = 1D6058960D05DD3E006BFB54 /* Build configuration list for PBXNativeTarget "HoudahProperties" */;
			buildPhases = (
				1D60588D0D05DD3D006BFB54 /* Resources */,
				1D60588E0D05DD3D006BFB54 /* Sources */,
				1D60588F0D05DD3D006BFB54 /* Frameworks */,
			);
			buildRules = (
			);
			dependencies = (
			);
			name = HoudahProperties;
			productName = HoudahProperties;
			productReference = 1D6058910D05DD3D006BFB54 /* HoudahProperties.app */;
			productType = "com.apple.product-type.application";
		};
/* End PBXNativeTarget section */

/* Begin PBXProject section */
		29B97313FDCFA39411CA2CEA /* Project object */ = {
			isa = PBXProject;
			buildConfigurationList = C01FCF4E08A954540054247B /* Build configuration list for PBXProject "HoudahProperties" */;
			compatibilityVersion = "Xcode 3.1";
			hasScannedForEncodings = 1;
			knownRegions = (
				English,
				Japanese,
				French,
				German,
				en,
			);
			mainGroup = 29B97314FDCFA39411CA2CEA /* CustomTemplate */;
			projectDirPath = "";
			projectRoot = "";
			targets = (
				1D6058900D05DD3D006BFB54 /* HoudahProperties */,
			);
		};
/* End PBXProject section */

/* Begin PBXResourcesBuildPhase section */
		1D60588D0D05DD3D006BFB54 /* Resources */ = {
			isa = PBXResourcesBuildPhase;
			buildActionMask = 2147483647;
			files = (
				28AD73600D9D9599002E5188 /* MainWindow.xib in Resources */,
				8F3C522B0F7AF2EA008B0B3B /* PropertiesViewController.xib in Resources */,
				8F3C522C0F7AF2EA008B0B3B /* SelectionViewController.xib in Resources */,
			);
			runOnlyForDeploymentPostprocessing = 0;
		};
/* End PBXResourcesBuildPhase section */

/* Begin PBXSourcesBuildPhase section */
		1D60588E0D05DD3D006BFB54 /* Sources */ = {
			isa = PBXSourcesBuildPhase;
			buildActionMask = 2147483647;
			files = (
				1D60589B0D05DD56006BFB54 /* main.m in Sources */,
				1D3623260D0F684500981E51 /* HoudahPropertiesAppDelegate.m in Sources */,
				8F3C515A0F7AECDB008B0B3B /* LongTextViewController.m in Sources */,
				8F3C515B0F7AECDB008B0B3B /* PropertiesViewController.m in Sources */,
				8F3C515C0F7AECDB008B0B3B /* SelectionViewController.m in Sources */,
				8F3C51710F7AECE7008B0B3B /* BoolTableViewCell.m in Sources */,
				8F3C51720F7AECE7008B0B3B /* ButtonTableViewCell.m in Sources */,
				8F3C51730F7AECE7008B0B3B /* ItemTableViewCell.m in Sources */,
				8F3C51740F7AECE7008B0B3B /* LongTableViewCell.m in Sources */,
				8F3C51750F7AECE7008B0B3B /* PropertyTableViewCell.m in Sources */,
				8F3C51760F7AECE7008B0B3B /* SelectionTableViewCell.m in Sources */,
				8F3C51770F7AECE7008B0B3B /* StandbyTableViewCell.m in Sources */,
				8F3C51780F7AECE7008B0B3B /* SubPropertyTableViewCell.m in Sources */,
				8F3C51790F7AECE7008B0B3B /* TableViewCell.m in Sources */,
				8F3C517A0F7AECE7008B0B3B /* TextTableViewCell.m in Sources */,
				8F3C518B0F7AEEE7008B0B3B /* UserDefaultsViewController.m in Sources */,
				8F3C51960F7AF189008B0B3B /* PrivacyFormatter.m in Sources */,
				8F3C51970F7AF189008B0B3B /* ResolutionFormatter.m in Sources */,
				8F3C51980F7AF189008B0B3B /* MultivalueFormatter.m in Sources */,
			);
			runOnlyForDeploymentPostprocessing = 0;
		};
/* End PBXSourcesBuildPhase section */

/* Begin XCBuildConfiguration section */
		1D6058940D05DD3E006BFB54 /* Debug */ = {
			isa = XCBuildConfiguration;
			buildSettings = {
				ALWAYS_SEARCH_USER_PATHS = NO;
				COPY_PHASE_STRIP = NO;
				GCC_DYNAMIC_NO_PIC = NO;
				GCC_OPTIMIZATION_LEVEL = 0;
				GCC_PRECOMPILE_PREFIX_HEADER = YES;
				GCC_PREFIX_HEADER = HoudahProperties_Prefix.pch;
				INFOPLIST_FILE = Info.plist;
				PRODUCT_NAME = HoudahProperties;
			};
			name = Debug;
		};
		1D6058950D05DD3E006BFB54 /* Release */ = {
			isa = XCBuildConfiguration;
			buildSettings = {
				ALWAYS_SEARCH_USER_PATHS = NO;
				COPY_PHASE_STRIP = YES;
				GCC_PRECOMPILE_PREFIX_HEADER = YES;
				GCC_PREFIX_HEADER = HoudahProperties_Prefix.pch;
				INFOPLIST_FILE = Info.plist;
				PRODUCT_NAME = HoudahProperties;
			};
			name = Release;
		};
		C01FCF4F08A954540054247B /* Debug */ = {
			isa = XCBuildConfiguration;
			buildSettings = {
				ARCHS = "$(ARCHS_STANDARD_32_BIT)";
				"CODE_SIGN_IDENTITY[sdk=iphoneos*]" = "iPhone Developer";
				GCC_C_LANGUAGE_STANDARD = c99;
				GCC_WARN_ABOUT_RETURN_TYPE = YES;
				GCC_WARN_UNUSED_VARIABLE = YES;
				ONLY_ACTIVE_ARCH = YES;
				PREBINDING = NO;
				SDKROOT = iphoneos2.2.1;
			};
			name = Debug;
		};
		C01FCF5008A954540054247B /* Release */ = {
			isa = XCBuildConfiguration;
			buildSettings = {
				ARCHS = "$(ARCHS_STANDARD_32_BIT)";
				"CODE_SIGN_IDENTITY[sdk=iphoneos*]" = "iPhone Developer";
				GCC_C_LANGUAGE_STANDARD = c99;
				GCC_WARN_ABOUT_RETURN_TYPE = YES;
				GCC_WARN_UNUSED_VARIABLE = YES;
				PREBINDING = NO;
				SDKROOT = iphoneos2.2.1;
			};
			name = Release;
		};
/* End XCBuildConfiguration section */

/* Begin XCConfigurationList section */
		1D6058960D05DD3E006BFB54 /* Build configuration list for PBXNativeTarget "HoudahProperties" */ = {
			isa = XCConfigurationList;
			buildConfigurations = (
				1D6058940D05DD3E006BFB54 /* Debug */,
				1D6058950D05DD3E006BFB54 /* Release */,
			);
			defaultConfigurationIsVisible = 0;
			defaultConfigurationName = Release;
		};
		C01FCF4E08A954540054247B /* Build configuration list for PBXProject "HoudahProperties" */ = {
			isa = XCConfigurationList;
			buildConfigurations = (
				C01FCF4F08A954540054247B /* Debug */,
				C01FCF5008A954540054247B /* Release */,
			);
			defaultConfigurationIsVisible = 0;
			defaultConfigurationName = Release;
		};
/* End XCConfigurationList section */
	};
	rootObject = 29B97313FDCFA39411CA2CEA /* Project object */;
}
