// !$*UTF8*$!
{
	archiveVersion = 1;
	classes = {
	};
	objectVersion = 45;
	objects = {

/* Begin PBXBuildFile section */
		1D3623260D0F684500981E51 /* HHHoudahPropertiesAppDelegate.m in Sources */ = {isa = PBXBuildFile; fileRef = 1D3623250D0F684500981E51 /* HHHoudahPropertiesAppDelegate.m */; };
		1D60589B0D05DD56006BFB54 /* main.m in Sources */ = {isa = PBXBuildFile; fileRef = 29B97316FDCFA39411CA2CEA /* main.m */; };
		1D60589F0D05DD5A006BFB54 /* Foundation.framework in Frameworks */ = {isa = PBXBuildFile; fileRef = 1D30AB110D05D00D00671497 /* Foundation.framework */; };
		1DF5F4E00D08C38300B7A737 /* UIKit.framework in Frameworks */ = {isa = PBXBuildFile; fileRef = 1DF5F4DF0D08C38300B7A737 /* UIKit.framework */; };
		2892E4100DC94CBA00A64D0F /* CoreGraphics.framework in Frameworks */ = {isa = PBXBuildFile; fileRef = 2892E40F0DC94CBA00A64D0F /* CoreGraphics.framework */; };
		28AD73600D9D9599002E5188 /* MainWindow.xib in Resources */ = {isa = PBXBuildFile; fileRef = 28AD735F0D9D9599002E5188 /* MainWindow.xib */; };
		8F3C515A0F7AECDB008B0B3B /* HHLongTextViewController.m in Sources */ = {isa = PBXBuildFile; fileRef = 8F3C51550F7AECDB008B0B3B /* HHLongTextViewController.m */; };
		8F3C515B0F7AECDB008B0B3B /* HHPropertiesViewController.m in Sources */ = {isa = PBXBuildFile; fileRef = 8F3C51570F7AECDB008B0B3B /* HHPropertiesViewController.m */; };
		8F3C515C0F7AECDB008B0B3B /* HHSelectionViewController.m in Sources */ = {isa = PBXBuildFile; fileRef = 8F3C51590F7AECDB008B0B3B /* HHSelectionViewController.m */; };
		8F3C51710F7AECE7008B0B3B /* HHBoolTableViewCell.m in Sources */ = {isa = PBXBuildFile; fileRef = 8F3C515E0F7AECE6008B0B3B /* HHBoolTableViewCell.m */; };
		8F3C51720F7AECE7008B0B3B /* HHButtonTableViewCell.m in Sources */ = {isa = PBXBuildFile; fileRef = 8F3C51600F7AECE6008B0B3B /* HHButtonTableViewCell.m */; };
		8F3C51730F7AECE7008B0B3B /* HHItemTableViewCell.m in Sources */ = {isa = PBXBuildFile; fileRef = 8F3C51620F7AECE6008B0B3B /* HHItemTableViewCell.m */; };
		8F3C51740F7AECE7008B0B3B /* HHLongTableViewCell.m in Sources */ = {isa = PBXBuildFile; fileRef = 8F3C51640F7AECE6008B0B3B /* HHLongTableViewCell.m */; };
		8F3C51750F7AECE7008B0B3B /* HHPropertyTableViewCell.m in Sources */ = {isa = PBXBuildFile; fileRef = 8F3C51660F7AECE7008B0B3B /* HHPropertyTableViewCell.m */; };
		8F3C51760F7AECE7008B0B3B /* HHSelectionTableViewCell.m in Sources */ = {isa = PBXBuildFile; fileRef = 8F3C51680F7AECE7008B0B3B /* HHSelectionTableViewCell.m */; };
		8F3C51770F7AECE7008B0B3B /* HHStandbyTableViewCell.m in Sources */ = {isa = PBXBuildFile; fileRef = 8F3C516A0F7AECE7008B0B3B /* HHStandbyTableViewCell.m */; };
		8F3C51780F7AECE7008B0B3B /* HHSubPropertyTableViewCell.m in Sources */ = {isa = PBXBuildFile; fileRef = 8F3C516C0F7AECE7008B0B3B /* HHSubPropertyTableViewCell.m */; };
		8F3C51790F7AECE7008B0B3B /* HHTableViewCell.m in Sources */ = {isa = PBXBuildFile; fileRef = 8F3C516E0F7AECE7008B0B3B /* HHTableViewCell.m */; };
		8F3C517A0F7AECE7008B0B3B /* HHTextTableViewCell.m in Sources */ = {isa = PBXBuildFile; fileRef = 8F3C51700F7AECE7008B0B3B /* HHTextTableViewCell.m */; };
		8F3C518B0F7AEEE7008B0B3B /* HHUserDefaultsViewController.m in Sources */ = {isa = PBXBuildFile; fileRef = 8F3C518A0F7AEEE7008B0B3B /* HHUserDefaultsViewController.m */; };
		8F3C51960F7AF189008B0B3B /* HHPrivacyFormatter.m in Sources */ = {isa = PBXBuildFile; fileRef = 8F3C51910F7AF189008B0B3B /* HHPrivacyFormatter.m */; };
		8F3C51970F7AF189008B0B3B /* HHResolutionFormatter.m in Sources */ = {isa = PBXBuildFile; fileRef = 8F3C51930F7AF189008B0B3B /* HHResolutionFormatter.m */; };
		8F3C51980F7AF189008B0B3B /* HHMultivalueFormatter.m in Sources */ = {isa = PBXBuildFile; fileRef = 8F3C51950F7AF189008B0B3B /* HHMultivalueFormatter.m */; };
		8F3C53A80F7C3F8B008B0B3B /* SelectionViewController.xib in Resources */ = {isa = PBXBuildFile; fileRef = 8F3C53A60F7C3F8B008B0B3B /* SelectionViewController.xib */; };
		8F3C53A90F7C3F8B008B0B3B /* PropertiesViewController.xib in Resources */ = {isa = PBXBuildFile; fileRef = 8F3C53A70F7C3F8B008B0B3B /* PropertiesViewController.xib */; };
/* End PBXBuildFile section */

/* Begin PBXFileReference section */
		1D30AB110D05D00D00671497 /* Foundation.framework */ = {isa = PBXFileReference; lastKnownFileType = wrapper.framework; name = Foundation.framework; path = System/Library/Frameworks/Foundation.framework; sourceTree = SDKROOT; };
		1D3623240D0F684500981E51 /* HHHoudahPropertiesAppDelegate.h */ = {isa = PBXFileReference; fileEncoding = 4; lastKnownFileType = sourcecode.c.h; path = HHHoudahPropertiesAppDelegate.h; sourceTree = "<group>"; };
		1D3623250D0F684500981E51 /* HHHoudahPropertiesAppDelegate.m */ = {isa = PBXFileReference; fileEncoding = 4; lastKnownFileType = sourcecode.c.objc; path = HHHoudahPropertiesAppDelegate.m; sourceTree = "<group>"; };
		1D6058910D05DD3D006BFB54 /* HoudahProperties.app */ = {isa = PBXFileReference; explicitFileType = wrapper.application; includeInIndex = 0; path = HoudahProperties.app; sourceTree = BUILT_PRODUCTS_DIR; };
		1DF5F4DF0D08C38300B7A737 /* UIKit.framework */ = {isa = PBXFileReference; lastKnownFileType = wrapper.framework; name = UIKit.framework; path = System/Library/Frameworks/UIKit.framework; sourceTree = SDKROOT; };
		2892E40F0DC94CBA00A64D0F /* CoreGraphics.framework */ = {isa = PBXFileReference; lastKnownFileType = wrapper.framework; name = CoreGraphics.framework; path = System/Library/Frameworks/CoreGraphics.framework; sourceTree = SDKROOT; };
		28A0AAE50D9B0CCF005BE974 /* HoudahProperties_Prefix.pch */ = {isa = PBXFileReference; fileEncoding = 4; lastKnownFileType = sourcecode.c.h; path = HoudahProperties_Prefix.pch; sourceTree = "<group>"; };
		28AD735F0D9D9599002E5188 /* MainWindow.xib */ = {isa = PBXFileReference; lastKnownFileType = file.xib; path = MainWindow.xib; sourceTree = "<group>"; };
		29B97316FDCFA39411CA2CEA /* main.m */ = {isa = PBXFileReference; fileEncoding = 4; lastKnownFileType = sourcecode.c.objc; path = main.m; sourceTree = "<group>"; };
		8D1107310486CEB800E47090 /* Info.plist */ = {isa = PBXFileReference; fileEncoding = 4; lastKnownFileType = text.plist.xml; path = Info.plist; sourceTree = "<group>"; };
		8F3C51540F7AECDB008B0B3B /* HHLongTextViewController.h */ = {isa = PBXFileReference; fileEncoding = 4; lastKnownFileType = sourcecode.c.h; path = HHLongTextViewController.h; sourceTree = "<group>"; };
		8F3C51550F7AECDB008B0B3B /* HHLongTextViewController.m */ = {isa = PBXFileReference; fileEncoding = 4; lastKnownFileType = sourcecode.c.objc; path = HHLongTextViewController.m; sourceTree = "<group>"; };
		8F3C51560F7AECDB008B0B3B /* HHPropertiesViewController.h */ = {isa = PBXFileReference; fileEncoding = 4; lastKnownFileType = sourcecode.c.h; path = HHPropertiesViewController.h; sourceTree = "<group>"; };
		8F3C51570F7AECDB008B0B3B /* HHPropertiesViewController.m */ = {isa = PBXFileReference; fileEncoding = 4; lastKnownFileType = sourcecode.c.objc; path = HHPropertiesViewController.m; sourceTree = "<group>"; };
		8F3C51580F7AECDB008B0B3B /* HHSelectionViewController.h */ = {isa = PBXFileReference; fileEncoding = 4; lastKnownFileType = sourcecode.c.h; path = HHSelectionViewController.h; sourceTree = "<group>"; };
		8F3C51590F7AECDB008B0B3B /* HHSelectionViewController.m */ = {isa = PBXFileReference; fileEncoding = 4; lastKnownFileType = sourcecode.c.objc; path = HHSelectionViewController.m; sourceTree = "<group>"; };
		8F3C515D0F7AECE6008B0B3B /* HHBoolTableViewCell.h */ = {isa = PBXFileReference; fileEncoding = 4; lastKnownFileType = sourcecode.c.h; path = HHBoolTableViewCell.h; sourceTree = "<group>"; };
		8F3C515E0F7AECE6008B0B3B /* HHBoolTableViewCell.m */ = {isa = PBXFileReference; fileEncoding = 4; lastKnownFileType = sourcecode.c.objc; path = HHBoolTableViewCell.m; sourceTree = "<group>"; };
		8F3C515F0F7AECE6008B0B3B /* HHButtonTableViewCell.h */ = {isa = PBXFileReference; fileEncoding = 4; lastKnownFileType = sourcecode.c.h; path = HHButtonTableViewCell.h; sourceTree = "<group>"; };
		8F3C51600F7AECE6008B0B3B /* HHButtonTableViewCell.m */ = {isa = PBXFileReference; fileEncoding = 4; lastKnownFileType = sourcecode.c.objc; path = HHButtonTableViewCell.m; sourceTree = "<group>"; };
		8F3C51610F7AECE6008B0B3B /* HHItemTableViewCell.h */ = {isa = PBXFileReference; fileEncoding = 4; lastKnownFileType = sourcecode.c.h; path = HHItemTableViewCell.h; sourceTree = "<group>"; };
		8F3C51620F7AECE6008B0B3B /* HHItemTableViewCell.m */ = {isa = PBXFileReference; fileEncoding = 4; lastKnownFileType = sourcecode.c.objc; path = HHItemTableViewCell.m; sourceTree = "<group>"; };
		8F3C51630F7AECE6008B0B3B /* HHLongTableViewCell.h */ = {isa = PBXFileReference; fileEncoding = 4; lastKnownFileType = sourcecode.c.h; path = HHLongTableViewCell.h; sourceTree = "<group>"; };
		8F3C51640F7AECE6008B0B3B /* HHLongTableViewCell.m */ = {isa = PBXFileReference; fileEncoding = 4; lastKnownFileType = sourcecode.c.objc; path = HHLongTableViewCell.m; sourceTree = "<group>"; };
		8F3C51650F7AECE6008B0B3B /* HHPropertyTableViewCell.h */ = {isa = PBXFileReference; fileEncoding = 4; lastKnownFileType = sourcecode.c.h; path = HHPropertyTableViewCell.h; sourceTree = "<group>"; };
		8F3C51660F7AECE7008B0B3B /* HHPropertyTableViewCell.m */ = {isa = PBXFileReference; fileEncoding = 4; lastKnownFileType = sourcecode.c.objc; path = HHPropertyTableViewCell.m; sourceTree = "<group>"; };
		8F3C51670F7AECE7008B0B3B /* HHSelectionTableViewCell.h */ = {isa = PBXFileReference; fileEncoding = 4; lastKnownFileType = sourcecode.c.h; path = HHSelectionTableViewCell.h; sourceTree = "<group>"; };
		8F3C51680F7AECE7008B0B3B /* HHSelectionTableViewCell.m */ = {isa = PBXFileReference; fileEncoding = 4; lastKnownFileType = sourcecode.c.objc; path = HHSelectionTableViewCell.m; sourceTree = "<group>"; };
		8F3C51690F7AECE7008B0B3B /* HHStandbyTableViewCell.h */ = {isa = PBXFileReference; fileEncoding = 4; lastKnownFileType = sourcecode.c.h; path = HHStandbyTableViewCell.h; sourceTree = "<group>"; };
		8F3C516A0F7AECE7008B0B3B /* HHStandbyTableViewCell.m */ = {isa = PBXFileReference; fileEncoding = 4; lastKnownFileType = sourcecode.c.objc; path = HHStandbyTableViewCell.m; sourceTree = "<group>"; };
		8F3C516B0F7AECE7008B0B3B /* HHSubPropertyTableViewCell.h */ = {isa = PBXFileReference; fileEncoding = 4; lastKnownFileType = sourcecode.c.h; path = HHSubPropertyTableViewCell.h; sourceTree = "<group>"; };
		8F3C516C0F7AECE7008B0B3B /* HHSubPropertyTableViewCell.m */ = {isa = PBXFileReference; fileEncoding = 4; lastKnownFileType = sourcecode.c.objc; path = HHSubPropertyTableViewCell.m; sourceTree = "<group>"; };
		8F3C516D0F7AECE7008B0B3B /* HHTableViewCell.h */ = {isa = PBXFileReference; fileEncoding = 4; lastKnownFileType = sourcecode.c.h; path = HHTableViewCell.h; sourceTree = "<group>"; };
		8F3C516E0F7AECE7008B0B3B /* HHTableViewCell.m */ = {isa = PBXFileReference; fileEncoding = 4; lastKnownFileType = sourcecode.c.objc; path = HHTableViewCell.m; sourceTree = "<group>"; };
		8F3C516F0F7AECE7008B0B3B /* HHTextTableViewCell.h */ = {isa = PBXFileReference; fileEncoding = 4; lastKnownFileType = sourcecode.c.h; path = HHTextTableViewCell.h; sourceTree = "<group>"; };
		8F3C51700F7AECE7008B0B3B /* HHTextTableViewCell.m */ = {isa = PBXFileReference; fileEncoding = 4; lastKnownFileType = sourcecode.c.objc; path = HHTextTableViewCell.m; sourceTree = "<group>"; };
		8F3C51890F7AEEE7008B0B3B /* HHUserDefaultsViewController.h */ = {isa = PBXFileReference; fileEncoding = 4; lastKnownFileType = sourcecode.c.h; path = HHUserDefaultsViewController.h; sourceTree = "<group>"; };
		8F3C518A0F7AEEE7008B0B3B /* HHUserDefaultsViewController.m */ = {isa = PBXFileReference; fileEncoding = 4; lastKnownFileType = sourcecode.c.objc; path = HHUserDefaultsViewController.m; sourceTree = "<group>"; };
		8F3C51900F7AF189008B0B3B /* HHPrivacyFormatter.h */ = {isa = PBXFileReference; fileEncoding = 4; lastKnownFileType = sourcecode.c.h; path = HHPrivacyFormatter.h; sourceTree = "<group>"; };
		8F3C51910F7AF189008B0B3B /* HHPrivacyFormatter.m */ = {isa = PBXFileReference; fileEncoding = 4; lastKnownFileType = sourcecode.c.objc; path = HHPrivacyFormatter.m; sourceTree = "<group>"; };
		8F3C51920F7AF189008B0B3B /* HHResolutionFormatter.h */ = {isa = PBXFileReference; fileEncoding = 4; lastKnownFileType = sourcecode.c.h; path = HHResolutionFormatter.h; sourceTree = "<group>"; };
		8F3C51930F7AF189008B0B3B /* HHResolutionFormatter.m */ = {isa = PBXFileReference; fileEncoding = 4; lastKnownFileType = sourcecode.c.objc; path = HHResolutionFormatter.m; sourceTree = "<group>"; };
		8F3C51940F7AF189008B0B3B /* HHMultivalueFormatter.h */ = {isa = PBXFileReference; fileEncoding = 4; lastKnownFileType = sourcecode.c.h; path = HHMultivalueFormatter.h; sourceTree = "<group>"; };
		8F3C51950F7AF189008B0B3B /* HHMultivalueFormatter.m */ = {isa = PBXFileReference; fileEncoding = 4; lastKnownFileType = sourcecode.c.objc; path = HHMultivalueFormatter.m; sourceTree = "<group>"; };
		8F3C53A60F7C3F8B008B0B3B /* SelectionViewController.xib */ = {isa = PBXFileReference; lastKnownFileType = file.xib; path = SelectionViewController.xib; sourceTree = "<group>"; };
		8F3C53A70F7C3F8B008B0B3B /* PropertiesViewController.xib */ = {isa = PBXFileReference; lastKnownFileType = file.xib; path = PropertiesViewController.xib; sourceTree = "<group>"; };
/* End PBXFileReference section */

/* Begin PBXFrameworksBuildPhase section */
		1D60588F0D05DD3D006BFB54 /* Frameworks */ = {
			isa = PBXFrameworksBuildPhase;
			buildActionMask = 2147483647;
			files = (
				1D60589F0D05DD5A006BFB54 /* Foundation.framework in Frameworks */,
				1DF5F4E00D08C38300B7A737 /* UIKit.framework in Frameworks */,
				2892E4100DC94CBA00A64D0F /* CoreGraphics.framework in Frameworks */,
			);
			runOnlyForDeploymentPostprocessing = 0;
		};
/* End PBXFrameworksBuildPhase section */

/* Begin PBXGroup section */
		080E96DDFE201D6D7F000001 /* Classes */ = {
			isa = PBXGroup;
			children = (
				8F3C514F0F7AECBD008B0B3B /* Properties */,
				8F3C522F0F7AF308008B0B3B /* Application */,
				8F3C518F0F7AF169008B0B3B /* Formatters */,
			);
			path = Classes;
			sourceTree = "<group>";
		};
		19C28FACFE9D520D11CA2CBB /* Products */ = {
			isa = PBXGroup;
			children = (
				1D6058910D05DD3D006BFB54 /* HoudahProperties.app */,
			);
			name = Products;
			sourceTree = "<group>";
		};
		29B97314FDCFA39411CA2CEA /* CustomTemplate */ = {
			isa = PBXGroup;
			children = (
				080E96DDFE201D6D7F000001 /* Classes */,
				29B97315FDCFA39411CA2CEA /* Other Sources */,
				29B97317FDCFA39411CA2CEA /* Resources */,
				29B97323FDCFA39411CA2CEA /* Frameworks */,
				19C28FACFE9D520D11CA2CBB /* Products */,
			);
			name = CustomTemplate;
			sourceTree = "<group>";
		};
		29B97315FDCFA39411CA2CEA /* Other Sources */ = {
			isa = PBXGroup;
			children = (
				28A0AAE50D9B0CCF005BE974 /* HoudahProperties_Prefix.pch */,
				29B97316FDCFA39411CA2CEA /* main.m */,
			);
			name = "Other Sources";
			sourceTree = "<group>";
		};
		29B97317FDCFA39411CA2CEA /* Resources */ = {
			isa = PBXGroup;
			children = (
				8F3C522E0F7AF2F8008B0B3B /* Application */,
				8F3C522D0F7AF2ED008B0B3B /* Properties */,
			);
			name = Resources;
			sourceTree = "<group>";
		};
		29B97323FDCFA39411CA2CEA /* Frameworks */ = {
			isa = PBXGroup;
			children = (
				1DF5F4DF0D08C38300B7A737 /* UIKit.framework */,
				1D30AB110D05D00D00671497 /* Foundation.framework */,
				2892E40F0DC94CBA00A64D0F /* CoreGraphics.framework */,
			);
			name = Frameworks;
			sourceTree = "<group>";
		};
		8F3C514F0F7AECBD008B0B3B /* Properties */ = {
			isa = PBXGroup;
			children = (
				8F3C51520F7AECC5008B0B3B /* Controllers */,
				8F3C51530F7AECCB008B0B3B /* Views */,
			);
			name = Properties;
			sourceTree = "<group>";
		};
		8F3C51520F7AECC5008B0B3B /* Controllers */ = {
			isa = PBXGroup;
			children = (
				8F3C51540F7AECDB008B0B3B /* HHLongTextViewController.h */,
				8F3C51550F7AECDB008B0B3B /* HHLongTextViewController.m */,
				8F3C51560F7AECDB008B0B3B /* HHPropertiesViewController.h */,
				8F3C51570F7AECDB008B0B3B /* HHPropertiesViewController.m */,
				8F3C51580F7AECDB008B0B3B /* HHSelectionViewController.h */,
				8F3C51590F7AECDB008B0B3B /* HHSelectionViewController.m */,
			);
			name = Controllers;
			sourceTree = "<group>";
		};
		8F3C51530F7AECCB008B0B3B /* Views */ = {
			isa = PBXGroup;
			children = (
				8F3C515D0F7AECE6008B0B3B /* HHBoolTableViewCell.h */,
				8F3C515E0F7AECE6008B0B3B /* HHBoolTableViewCell.m */,
				8F3C515F0F7AECE6008B0B3B /* HHButtonTableViewCell.h */,
				8F3C51600F7AECE6008B0B3B /* HHButtonTableViewCell.m */,
				8F3C51610F7AECE6008B0B3B /* HHItemTableViewCell.h */,
				8F3C51620F7AECE6008B0B3B /* HHItemTableViewCell.m */,
				8F3C51630F7AECE6008B0B3B /* HHLongTableViewCell.h */,
				8F3C51640F7AECE6008B0B3B /* HHLongTableViewCell.m */,
				8F3C51650F7AECE6008B0B3B /* HHPropertyTableViewCell.h */,
				8F3C51660F7AECE7008B0B3B /* HHPropertyTableViewCell.m */,
				8F3C51670F7AECE7008B0B3B /* HHSelectionTableViewCell.h */,
				8F3C51680F7AECE7008B0B3B /* HHSelectionTableViewCell.m */,
				8F3C51690F7AECE7008B0B3B /* HHStandbyTableViewCell.h */,
				8F3C516A0F7AECE7008B0B3B /* HHStandbyTableViewCell.m */,
				8F3C516B0F7AECE7008B0B3B /* HHSubPropertyTableViewCell.h */,
				8F3C516C0F7AECE7008B0B3B /* HHSubPropertyTableViewCell.m */,
				8F3C516D0F7AECE7008B0B3B /* HHTableViewCell.h */,
				8F3C516E0F7AECE7008B0B3B /* HHTableViewCell.m */,
				8F3C516F0F7AECE7008B0B3B /* HHTextTableViewCell.h */,
				8F3C51700F7AECE7008B0B3B /* HHTextTableViewCell.m */,
			);
			name = Views;
			sourceTree = "<group>";
		};
		8F3C518F0F7AF169008B0B3B /* Formatters */ = {
			isa = PBXGroup;
			children = (
				8F3C51940F7AF189008B0B3B /* HHMultivalueFormatter.h */,
				8F3C51950F7AF189008B0B3B /* HHMultivalueFormatter.m */,
				8F3C51900F7AF189008B0B3B /* HHPrivacyFormatter.h */,
				8F3C51910F7AF189008B0B3B /* HHPrivacyFormatter.m */,
				8F3C51920F7AF189008B0B3B /* HHResolutionFormatter.h */,
				8F3C51930F7AF189008B0B3B /* HHResolutionFormatter.m */,
			);
			name = Formatters;
			sourceTree = "<group>";
		};
		8F3C522D0F7AF2ED008B0B3B /* Properties */ = {
			isa = PBXGroup;
			children = (
				8F3C53A60F7C3F8B008B0B3B /* SelectionViewController.xib */,
				8F3C53A70F7C3F8B008B0B3B /* PropertiesViewController.xib */,
			);
			name = Properties;
			sourceTree = "<group>";
		};
		8F3C522E0F7AF2F8008B0B3B /* Application */ = {
			isa = PBXGroup;
			children = (
				8D1107310486CEB800E47090 /* Info.plist */,
				28AD735F0D9D9599002E5188 /* MainWindow.xib */,
			);
			name = Application;
			sourceTree = "<group>";
		};
		8F3C522F0F7AF308008B0B3B /* Application */ = {
			isa = PBXGroup;
			children = (
				1D3623240D0F684500981E51 /* HHHoudahPropertiesAppDelegate.h */,
				1D3623250D0F684500981E51 /* HHHoudahPropertiesAppDelegate.m */,
				8F3C51890F7AEEE7008B0B3B /* HHUserDefaultsViewController.h */,
				8F3C518A0F7AEEE7008B0B3B /* HHUserDefaultsViewController.m */,
			);
			name = Application;
			sourceTree = "<group>";
		};
/* End PBXGroup section */

/* Begin PBXNativeTarget section */
		1D6058900D05DD3D006BFB54 /* HoudahProperties */ = {
			isa = PBXNativeTarget;
			buildConfigurationList = 1D6058960D05DD3E006BFB54 /* Build configuration list for PBXNativeTarget "HoudahProperties" */;
			buildPhases = (
				1D60588D0D05DD3D006BFB54 /* Resources */,
				1D60588E0D05DD3D006BFB54 /* Sources */,
				1D60588F0D05DD3D006BFB54 /* Frameworks */,
			);
			buildRules = (
			);
			dependencies = (
			);
			name = HoudahProperties;
			productName = HoudahProperties;
			productReference = 1D6058910D05DD3D006BFB54 /* HoudahProperties.app */;
			productType = "com.apple.product-type.application";
		};
/* End PBXNativeTarget section */

/* Begin PBXProject section */
		29B97313FDCFA39411CA2CEA /* Project object */ = {
			isa = PBXProject;
			buildConfigurationList = C01FCF4E08A954540054247B /* Build configuration list for PBXProject "HoudahProperties" */;
			compatibilityVersion = "Xcode 3.1";
			hasScannedForEncodings = 1;
			knownRegions = (
				English,
				Japanese,
				French,
				German,
				en,
			);
			mainGroup = 29B97314FDCFA39411CA2CEA /* CustomTemplate */;
			projectDirPath = "";
			projectRoot = "";
			targets = (
				1D6058900D05DD3D006BFB54 /* HoudahProperties */,
			);
		};
/* End PBXProject section */

/* Begin PBXResourcesBuildPhase section */
		1D60588D0D05DD3D006BFB54 /* Resources */ = {
			isa = PBXResourcesBuildPhase;
			buildActionMask = 2147483647;
			files = (
				28AD73600D9D9599002E5188 /* MainWindow.xib in Resources */,
				8F3C53A80F7C3F8B008B0B3B /* SelectionViewController.xib in Resources */,
				8F3C53A90F7C3F8B008B0B3B /* PropertiesViewController.xib in Resources */,
			);
			runOnlyForDeploymentPostprocessing = 0;
		};
/* End PBXResourcesBuildPhase section */

/* Begin PBXSourcesBuildPhase section */
		1D60588E0D05DD3D006BFB54 /* Sources */ = {
			isa = PBXSourcesBuildPhase;
			buildActionMask = 2147483647;
			files = (
				1D60589B0D05DD56006BFB54 /* main.m in Sources */,
				1D3623260D0F684500981E51 /* HHHoudahPropertiesAppDelegate.m in Sources */,
				8F3C515A0F7AECDB008B0B3B /* HHLongTextViewController.m in Sources */,
				8F3C515B0F7AECDB008B0B3B /* HHPropertiesViewController.m in Sources */,
				8F3C515C0F7AECDB008B0B3B /* HHSelectionViewController.m in Sources */,
				8F3C51710F7AECE7008B0B3B /* HHBoolTableViewCell.m in Sources */,
				8F3C51720F7AECE7008B0B3B /* HHButtonTableViewCell.m in Sources */,
				8F3C51730F7AECE7008B0B3B /* HHItemTableViewCell.m in Sources */,
				8F3C51740F7AECE7008B0B3B /* HHLongTableViewCell.m in Sources */,
				8F3C51750F7AECE7008B0B3B /* HHPropertyTableViewCell.m in Sources */,
				8F3C51760F7AECE7008B0B3B /* HHSelectionTableViewCell.m in Sources */,
				8F3C51770F7AECE7008B0B3B /* HHStandbyTableViewCell.m in Sources */,
				8F3C51780F7AECE7008B0B3B /* HHSubPropertyTableViewCell.m in Sources */,
				8F3C51790F7AECE7008B0B3B /* HHTableViewCell.m in Sources */,
				8F3C517A0F7AECE7008B0B3B /* HHTextTableViewCell.m in Sources */,
				8F3C518B0F7AEEE7008B0B3B /* HHUserDefaultsViewController.m in Sources */,
				8F3C51960F7AF189008B0B3B /* HHPrivacyFormatter.m in Sources */,
				8F3C51970F7AF189008B0B3B /* HHResolutionFormatter.m in Sources */,
				8F3C51980F7AF189008B0B3B /* HHMultivalueFormatter.m in Sources */,
			);
			runOnlyForDeploymentPostprocessing = 0;
		};
/* End PBXSourcesBuildPhase section */

/* Begin XCBuildConfiguration section */
		1D6058940D05DD3E006BFB54 /* Debug */ = {
			isa = XCBuildConfiguration;
			buildSettings = {
				ALWAYS_SEARCH_USER_PATHS = NO;
				COPY_PHASE_STRIP = NO;
				GCC_DYNAMIC_NO_PIC = NO;
				GCC_OPTIMIZATION_LEVEL = 0;
				GCC_PRECOMPILE_PREFIX_HEADER = YES;
				GCC_PREFIX_HEADER = HoudahProperties_Prefix.pch;
				INFOPLIST_FILE = Info.plist;
				PRODUCT_NAME = HoudahProperties;
			};
			name = Debug;
		};
		1D6058950D05DD3E006BFB54 /* Release */ = {
			isa = XCBuildConfiguration;
			buildSettings = {
				ALWAYS_SEARCH_USER_PATHS = NO;
				COPY_PHASE_STRIP = YES;
				GCC_PRECOMPILE_PREFIX_HEADER = YES;
				GCC_PREFIX_HEADER = HoudahProperties_Prefix.pch;
				INFOPLIST_FILE = Info.plist;
				PRODUCT_NAME = HoudahProperties;
			};
			name = Release;
		};
		C01FCF4F08A954540054247B /* Debug */ = {
			isa = XCBuildConfiguration;
			buildSettings = {
				ARCHS = "$(ARCHS_STANDARD_32_BIT)";
				"CODE_SIGN_IDENTITY[sdk=iphoneos*]" = "iPhone Developer";
				GCC_C_LANGUAGE_STANDARD = c99;
				GCC_WARN_ABOUT_RETURN_TYPE = YES;
				GCC_WARN_UNUSED_VARIABLE = YES;
				ONLY_ACTIVE_ARCH = YES;
				PREBINDING = NO;
				SDKROOT = iphoneos2.2.1;
			};
			name = Debug;
		};
		C01FCF5008A954540054247B /* Release */ = {
			isa = XCBuildConfiguration;
			buildSettings = {
				ARCHS = "$(ARCHS_STANDARD_32_BIT)";
				"CODE_SIGN_IDENTITY[sdk=iphoneos*]" = "iPhone Developer";
				GCC_C_LANGUAGE_STANDARD = c99;
				GCC_WARN_ABOUT_RETURN_TYPE = YES;
				GCC_WARN_UNUSED_VARIABLE = YES;
				PREBINDING = NO;
				SDKROOT = iphoneos2.2.1;
			};
			name = Release;
		};
/* End XCBuildConfiguration section */

/* Begin XCConfigurationList section */
		1D6058960D05DD3E006BFB54 /* Build configuration list for PBXNativeTarget "HoudahProperties" */ = {
			isa = XCConfigurationList;
			buildConfigurations = (
				1D6058940D05DD3E006BFB54 /* Debug */,
				1D6058950D05DD3E006BFB54 /* Release */,
			);
			defaultConfigurationIsVisible = 0;
			defaultConfigurationName = Release;
		};
		C01FCF4E08A954540054247B /* Build configuration list for PBXProject "HoudahProperties" */ = {
			isa = XCConfigurationList;
			buildConfigurations = (
				C01FCF4F08A954540054247B /* Debug */,
				C01FCF5008A954540054247B /* Release */,
			);
			defaultConfigurationIsVisible = 0;
			defaultConfigurationName = Release;
		};
/* End XCConfigurationList section */
	};
	rootObject = 29B97313FDCFA39411CA2CEA /* Project object */;
}
